
Microsoft Visual Studio Solution File, Format Version 12.00
# Visual Studio Version 17
VisualStudioVersion = 17.0.32112.339
MinimumVisualStudioVersion = 10.0.40219.1
Project("{FAE04EC0-301F-11D3-BF4B-00C04F79EFBC}") = "Modul5HW1", "Modul5HW1\Modul5HW1.csproj", "{BFD79FC7-8470-4494-BC89-D3424A1DC066}"
EndProject
Global
	GlobalSection(SolutionConfigurationPlatforms) = preSolution
		Debug|Any CPU = Debug|Any CPU
		Release|Any CPU = Release|Any CPU
	EndGlobalSection
	GlobalSection(ProjectConfigurationPlatforms) = postSolution
		{BFD79FC7-8470-4494-BC89-D3424A1DC066}.Debug|Any CPU.ActiveCfg = Debug|Any CPU
		{BFD79FC7-8470-4494-BC89-D3424A1DC066}.Debug|Any CPU.Build.0 = Debug|Any CPU
		{BFD79FC7-8470-4494-BC89-D3424A1DC066}.Release|Any CPU.ActiveCfg = Release|Any CPU
		{BFD79FC7-8470-4494-BC89-D3424A1DC066}.Release|Any CPU.Build.0 = Release|Any CPU
	EndGlobalSection
	GlobalSection(SolutionProperties) = preSolution
		HideSolutionNode = FALSE
	EndGlobalSection
	GlobalSection(ExtensibilityGlobals) = postSolution
		SolutionGuid = {3770AB44-E91F-427F-9006-E043CF546335}
	EndGlobalSection
EndGlobal
